// !$*UTF8*$!
{
	archiveVersion = 1;
	classes = {
	};
	objectVersion = 77;
	objects = {

/* Begin PBXBuildFile section */
		1794B4992CA09A3C0082C26E /* ContentView.swift in Sources */ = {isa = PBXBuildFile; fileRef = 1794B4962CA09A3C0082C26E /* ContentView.swift */; };
		1794B49A2CA09A3C0082C26E /* TripManagerApp.swift in Sources */ = {isa = PBXBuildFile; fileRef = 1794B4972CA09A3C0082C26E /* TripManagerApp.swift */; };
		1794B49B2CA09A3C0082C26E /* Preview Assets.xcassets in Resources */ = {isa = PBXBuildFile; fileRef = 1794B4932CA09A3C0082C26E /* Preview Assets.xcassets */; };
		1794B49C2CA09A3C0082C26E /* Assets.xcassets in Resources */ = {isa = PBXBuildFile; fileRef = 1794B4952CA09A3C0082C26E /* Assets.xcassets */; };
		1794B49F2CA09A400082C26E /* TripManagerTests.swift in Sources */ = {isa = PBXBuildFile; fileRef = 1794B49D2CA09A400082C26E /* TripManagerTests.swift */; };
		1794B4A32CA09A430082C26E /* TripManagerUITests.swift in Sources */ = {isa = PBXBuildFile; fileRef = 1794B4A02CA09A430082C26E /* TripManagerUITests.swift */; };
		1794B4A42CA09A430082C26E /* TripManagerUITestsLaunchTests.swift in Sources */ = {isa = PBXBuildFile; fileRef = 1794B4A12CA09A430082C26E /* TripManagerUITestsLaunchTests.swift */; };
		1794B4A82CA09D150082C26E /* RswiftLibrary in Frameworks */ = {isa = PBXBuildFile; productRef = 1794B4A72CA09D150082C26E /* RswiftLibrary */; };
		1794B4AE2CA09DCA0082C26E /* Localizable.xcstrings in Resources */ = {isa = PBXBuildFile; fileRef = 1794B4AD2CA09DCA0082C26E /* Localizable.xcstrings */; };
		1794B4BA2CA09FE40082C26E /* Colors.xcassets in Resources */ = {isa = PBXBuildFile; fileRef = 1794B4B92CA09FE40082C26E /* Colors.xcassets */; };
		1794B4C02CA0A4C80082C26E /* AppStyles.swift in Sources */ = {isa = PBXBuildFile; fileRef = 1794B4BF2CA0A4C80082C26E /* AppStyles.swift */; };
		1794B4C22CA0A5DC0082C26E /* String+Extensions.swift in Sources */ = {isa = PBXBuildFile; fileRef = 1794B4C12CA0A5DC0082C26E /* String+Extensions.swift */; };
/* End PBXBuildFile section */

/* Begin PBXContainerItemProxy section */
		1794B4772CA0999E0082C26E /* PBXContainerItemProxy */ = {
			isa = PBXContainerItemProxy;
			containerPortal = 1794B45E2CA099990082C26E /* Project object */;
			proxyType = 1;
			remoteGlobalIDString = 1794B4652CA099990082C26E;
			remoteInfo = TripManager;
		};
		1794B4812CA0999E0082C26E /* PBXContainerItemProxy */ = {
			isa = PBXContainerItemProxy;
			containerPortal = 1794B45E2CA099990082C26E /* Project object */;
			proxyType = 1;
			remoteGlobalIDString = 1794B4652CA099990082C26E;
			remoteInfo = TripManager;
		};
/* End PBXContainerItemProxy section */

/* Begin PBXFileReference section */
		1794B4662CA099990082C26E /* TripManager.app */ = {isa = PBXFileReference; explicitFileType = wrapper.application; includeInIndex = 0; path = TripManager.app; sourceTree = BUILT_PRODUCTS_DIR; };
		1794B4762CA0999E0082C26E /* TripManagerTests.xctest */ = {isa = PBXFileReference; explicitFileType = wrapper.cfbundle; includeInIndex = 0; path = TripManagerTests.xctest; sourceTree = BUILT_PRODUCTS_DIR; };
		1794B4802CA0999E0082C26E /* TripManagerUITests.xctest */ = {isa = PBXFileReference; explicitFileType = wrapper.cfbundle; includeInIndex = 0; path = TripManagerUITests.xctest; sourceTree = BUILT_PRODUCTS_DIR; };
		1794B4932CA09A3C0082C26E /* Preview Assets.xcassets */ = {isa = PBXFileReference; lastKnownFileType = folder.assetcatalog; path = "Preview Assets.xcassets"; sourceTree = "<group>"; };
		1794B4952CA09A3C0082C26E /* Assets.xcassets */ = {isa = PBXFileReference; lastKnownFileType = folder.assetcatalog; path = Assets.xcassets; sourceTree = "<group>"; };
		1794B4962CA09A3C0082C26E /* ContentView.swift */ = {isa = PBXFileReference; lastKnownFileType = sourcecode.swift; path = ContentView.swift; sourceTree = "<group>"; };
		1794B4972CA09A3C0082C26E /* TripManagerApp.swift */ = {isa = PBXFileReference; lastKnownFileType = sourcecode.swift; path = TripManagerApp.swift; sourceTree = "<group>"; };
		1794B49D2CA09A400082C26E /* TripManagerTests.swift */ = {isa = PBXFileReference; lastKnownFileType = sourcecode.swift; path = TripManagerTests.swift; sourceTree = "<group>"; };
		1794B4A02CA09A430082C26E /* TripManagerUITests.swift */ = {isa = PBXFileReference; lastKnownFileType = sourcecode.swift; path = TripManagerUITests.swift; sourceTree = "<group>"; };
		1794B4A12CA09A430082C26E /* TripManagerUITestsLaunchTests.swift */ = {isa = PBXFileReference; lastKnownFileType = sourcecode.swift; path = TripManagerUITestsLaunchTests.swift; sourceTree = "<group>"; };
		1794B4AD2CA09DCA0082C26E /* Localizable.xcstrings */ = {isa = PBXFileReference; lastKnownFileType = text.json.xcstrings; path = Localizable.xcstrings; sourceTree = "<group>"; };
		1794B4B82CA09F520082C26E /* Info.plist */ = {isa = PBXFileReference; lastKnownFileType = text.plist; path = Info.plist; sourceTree = "<group>"; };
		1794B4B92CA09FE40082C26E /* Colors.xcassets */ = {isa = PBXFileReference; lastKnownFileType = folder.assetcatalog; path = Colors.xcassets; sourceTree = "<group>"; };
		1794B4BF2CA0A4C80082C26E /* AppStyles.swift */ = {isa = PBXFileReference; lastKnownFileType = sourcecode.swift; path = AppStyles.swift; sourceTree = "<group>"; };
		1794B4C12CA0A5DC0082C26E /* String+Extensions.swift */ = {isa = PBXFileReference; lastKnownFileType = sourcecode.swift; path = "String+Extensions.swift"; sourceTree = "<group>"; };
/* End PBXFileReference section */

/* Begin PBXFileSystemSynchronizedRootGroup section */
		1794B4AF2CA09E890082C26E /* Fonts */ = {
			isa = PBXFileSystemSynchronizedRootGroup;
			path = Fonts;
			sourceTree = "<group>";
		};
/* End PBXFileSystemSynchronizedRootGroup section */

/* Begin PBXFrameworksBuildPhase section */
		1794B4632CA099990082C26E /* Frameworks */ = {
			isa = PBXFrameworksBuildPhase;
			buildActionMask = 2147483647;
			files = (
				1794B4A82CA09D150082C26E /* RswiftLibrary in Frameworks */,
			);
			runOnlyForDeploymentPostprocessing = 0;
		};
		1794B4732CA0999E0082C26E /* Frameworks */ = {
			isa = PBXFrameworksBuildPhase;
			buildActionMask = 2147483647;
			files = (
			);
			runOnlyForDeploymentPostprocessing = 0;
		};
		1794B47D2CA0999E0082C26E /* Frameworks */ = {
			isa = PBXFrameworksBuildPhase;
			buildActionMask = 2147483647;
			files = (
			);
			runOnlyForDeploymentPostprocessing = 0;
		};
/* End PBXFrameworksBuildPhase section */

/* Begin PBXGroup section */
		1794B45D2CA099990082C26E = {
			isa = PBXGroup;
			children = (
				1794B4982CA09A3C0082C26E /* TripManager */,
				1794B49E2CA09A400082C26E /* TripManagerTests */,
				1794B4A22CA09A430082C26E /* TripManagerUITests */,
				1794B4672CA099990082C26E /* Products */,
			);
			sourceTree = "<group>";
		};
		1794B4672CA099990082C26E /* Products */ = {
			isa = PBXGroup;
			children = (
				1794B4662CA099990082C26E /* TripManager.app */,
				1794B4762CA0999E0082C26E /* TripManagerTests.xctest */,
				1794B4802CA0999E0082C26E /* TripManagerUITests.xctest */,
			);
			name = Products;
			sourceTree = "<group>";
		};
		1794B4942CA09A3C0082C26E /* Preview Content */ = {
			isa = PBXGroup;
			children = (
				1794B4932CA09A3C0082C26E /* Preview Assets.xcassets */,
			);
			path = "Preview Content";
			sourceTree = "<group>";
		};
		1794B4982CA09A3C0082C26E /* TripManager */ = {
			isa = PBXGroup;
			children = (
				1794B4BC2CA0A49E0082C26E /* Helper */,
				1794B4B82CA09F520082C26E /* Info.plist */,
				1794B4AC2CA09D920082C26E /* Resources */,
				1794B4942CA09A3C0082C26E /* Preview Content */,
				1794B4952CA09A3C0082C26E /* Assets.xcassets */,
				1794B4962CA09A3C0082C26E /* ContentView.swift */,
				1794B4972CA09A3C0082C26E /* TripManagerApp.swift */,
			);
			path = TripManager;
			sourceTree = "<group>";
		};
		1794B49E2CA09A400082C26E /* TripManagerTests */ = {
			isa = PBXGroup;
			children = (
				1794B49D2CA09A400082C26E /* TripManagerTests.swift */,
			);
			path = TripManagerTests;
			sourceTree = "<group>";
		};
		1794B4A22CA09A430082C26E /* TripManagerUITests */ = {
			isa = PBXGroup;
			children = (
				1794B4A02CA09A430082C26E /* TripManagerUITests.swift */,
				1794B4A12CA09A430082C26E /* TripManagerUITestsLaunchTests.swift */,
			);
			path = TripManagerUITests;
			sourceTree = "<group>";
		};
		1794B4AC2CA09D920082C26E /* Resources */ = {
			isa = PBXGroup;
			children = (
				1794B4AF2CA09E890082C26E /* Fonts */,
				1794B4AD2CA09DCA0082C26E /* Localizable.xcstrings */,
				1794B4B92CA09FE40082C26E /* Colors.xcassets */,
			);
			path = Resources;
			sourceTree = "<group>";
		};
		1794B4BC2CA0A49E0082C26E /* Helper */ = {
			isa = PBXGroup;
			children = (
				1794B4BF2CA0A4C80082C26E /* AppStyles.swift */,
				1794B4C12CA0A5DC0082C26E /* String+Extensions.swift */,
			);
			path = Helper;
			sourceTree = "<group>";
		};
/* End PBXGroup section */

/* Begin PBXNativeTarget section */
		1794B4652CA099990082C26E /* TripManager */ = {
			isa = PBXNativeTarget;
			buildConfigurationList = 1794B48A2CA0999E0082C26E /* Build configuration list for PBXNativeTarget "TripManager" */;
			buildPhases = (
				1794B4622CA099990082C26E /* Sources */,
				1794B4632CA099990082C26E /* Frameworks */,
				1794B4642CA099990082C26E /* Resources */,
				1794B4A52CA09B790082C26E /* Swift Lint */,
			);
			buildRules = (
			);
			dependencies = (
				1794B4AA2CA09D450082C26E /* PBXTargetDependency */,
			);
			fileSystemSynchronizedGroups = (
				1794B4AF2CA09E890082C26E /* Fonts */,
			);
			name = TripManager;
			packageProductDependencies = (
				1794B4A72CA09D150082C26E /* RswiftLibrary */,
			);
			productName = TripManager;
			productReference = 1794B4662CA099990082C26E /* TripManager.app */;
			productType = "com.apple.product-type.application";
		};
		1794B4752CA0999E0082C26E /* TripManagerTests */ = {
			isa = PBXNativeTarget;
			buildConfigurationList = 1794B48D2CA0999E0082C26E /* Build configuration list for PBXNativeTarget "TripManagerTests" */;
			buildPhases = (
				1794B4722CA0999E0082C26E /* Sources */,
				1794B4732CA0999E0082C26E /* Frameworks */,
				1794B4742CA0999E0082C26E /* Resources */,
			);
			buildRules = (
			);
			dependencies = (
				1794B4782CA0999E0082C26E /* PBXTargetDependency */,
			);
			name = TripManagerTests;
			packageProductDependencies = (
			);
			productName = TripManagerTests;
			productReference = 1794B4762CA0999E0082C26E /* TripManagerTests.xctest */;
			productType = "com.apple.product-type.bundle.unit-test";
		};
		1794B47F2CA0999E0082C26E /* TripManagerUITests */ = {
			isa = PBXNativeTarget;
			buildConfigurationList = 1794B4902CA0999E0082C26E /* Build configuration list for PBXNativeTarget "TripManagerUITests" */;
			buildPhases = (
				1794B47C2CA0999E0082C26E /* Sources */,
				1794B47D2CA0999E0082C26E /* Frameworks */,
				1794B47E2CA0999E0082C26E /* Resources */,
			);
			buildRules = (
			);
			dependencies = (
				1794B4822CA0999E0082C26E /* PBXTargetDependency */,
			);
			name = TripManagerUITests;
			packageProductDependencies = (
			);
			productName = TripManagerUITests;
			productReference = 1794B4802CA0999E0082C26E /* TripManagerUITests.xctest */;
			productType = "com.apple.product-type.bundle.ui-testing";
		};
/* End PBXNativeTarget section */

/* Begin PBXProject section */
		1794B45E2CA099990082C26E /* Project object */ = {
			isa = PBXProject;
			attributes = {
				BuildIndependentTargetsInParallel = 1;
				LastSwiftUpdateCheck = 1600;
				LastUpgradeCheck = 1600;
				TargetAttributes = {
					1794B4652CA099990082C26E = {
						CreatedOnToolsVersion = 16.0;
					};
					1794B4752CA0999E0082C26E = {
						CreatedOnToolsVersion = 16.0;
						TestTargetID = 1794B4652CA099990082C26E;
					};
					1794B47F2CA0999E0082C26E = {
						CreatedOnToolsVersion = 16.0;
						TestTargetID = 1794B4652CA099990082C26E;
					};
				};
			};
			buildConfigurationList = 1794B4612CA099990082C26E /* Build configuration list for PBXProject "TripManager" */;
			developmentRegion = en;
			hasScannedForEncodings = 0;
			knownRegions = (
				en,
				Base,
				fr,
			);
			mainGroup = 1794B45D2CA099990082C26E;
			minimizedProjectReferenceProxies = 1;
			packageReferences = (
				1794B4A62CA09D150082C26E /* XCRemoteSwiftPackageReference "R" */,
			);
			preferredProjectObjectVersion = 77;
			productRefGroup = 1794B4672CA099990082C26E /* Products */;
			projectDirPath = "";
			projectRoot = "";
			targets = (
				1794B4652CA099990082C26E /* TripManager */,
				1794B4752CA0999E0082C26E /* TripManagerTests */,
				1794B47F2CA0999E0082C26E /* TripManagerUITests */,
			);
		};
/* End PBXProject section */

/* Begin PBXResourcesBuildPhase section */
		1794B4642CA099990082C26E /* Resources */ = {
			isa = PBXResourcesBuildPhase;
			buildActionMask = 2147483647;
			files = (
				1794B49B2CA09A3C0082C26E /* Preview Assets.xcassets in Resources */,
				1794B4BA2CA09FE40082C26E /* Colors.xcassets in Resources */,
				1794B49C2CA09A3C0082C26E /* Assets.xcassets in Resources */,
				1794B4AE2CA09DCA0082C26E /* Localizable.xcstrings in Resources */,
			);
			runOnlyForDeploymentPostprocessing = 0;
		};
		1794B4742CA0999E0082C26E /* Resources */ = {
			isa = PBXResourcesBuildPhase;
			buildActionMask = 2147483647;
			files = (
			);
			runOnlyForDeploymentPostprocessing = 0;
		};
		1794B47E2CA0999E0082C26E /* Resources */ = {
			isa = PBXResourcesBuildPhase;
			buildActionMask = 2147483647;
			files = (
			);
			runOnlyForDeploymentPostprocessing = 0;
		};
/* End PBXResourcesBuildPhase section */

/* Begin PBXShellScriptBuildPhase section */
		1794B4A52CA09B790082C26E /* Swift Lint */ = {
			isa = PBXShellScriptBuildPhase;
			alwaysOutOfDate = 1;
			buildActionMask = 2147483647;
			files = (
			);
			inputFileListPaths = (
			);
			inputPaths = (
			);
			name = "Swift Lint";
			outputFileListPaths = (
			);
			outputPaths = (
			);
			runOnlyForDeploymentPostprocessing = 0;
			shellPath = /bin/sh;
			shellScript = "if test -d \"/opt/homebrew/bin/\"; then\n  PATH=\"/opt/homebrew/bin/:${PATH}\"\nfi\n\nexport PATH\n\nif which swiftlint >/dev/null; then\n    swiftlint\nelse\n    echo \"warning: SwiftLint not installed, download from https://github.com/realm/SwiftLint\"\nfi\n";
		};
/* End PBXShellScriptBuildPhase section */

/* Begin PBXSourcesBuildPhase section */
		1794B4622CA099990082C26E /* Sources */ = {
			isa = PBXSourcesBuildPhase;
			buildActionMask = 2147483647;
			files = (
				1794B4C22CA0A5DC0082C26E /* String+Extensions.swift in Sources */,
				1794B4C02CA0A4C80082C26E /* AppStyles.swift in Sources */,
				1794B4992CA09A3C0082C26E /* ContentView.swift in Sources */,
				1794B49A2CA09A3C0082C26E /* TripManagerApp.swift in Sources */,
			);
			runOnlyForDeploymentPostprocessing = 0;
		};
		1794B4722CA0999E0082C26E /* Sources */ = {
			isa = PBXSourcesBuildPhase;
			buildActionMask = 2147483647;
			files = (
				1794B49F2CA09A400082C26E /* TripManagerTests.swift in Sources */,
			);
			runOnlyForDeploymentPostprocessing = 0;
		};
		1794B47C2CA0999E0082C26E /* Sources */ = {
			isa = PBXSourcesBuildPhase;
			buildActionMask = 2147483647;
			files = (
				1794B4A32CA09A430082C26E /* TripManagerUITests.swift in Sources */,
				1794B4A42CA09A430082C26E /* TripManagerUITestsLaunchTests.swift in Sources */,
			);
			runOnlyForDeploymentPostprocessing = 0;
		};
/* End PBXSourcesBuildPhase section */

/* Begin PBXTargetDependency section */
		1794B4782CA0999E0082C26E /* PBXTargetDependency */ = {
			isa = PBXTargetDependency;
			target = 1794B4652CA099990082C26E /* TripManager */;
			targetProxy = 1794B4772CA0999E0082C26E /* PBXContainerItemProxy */;
		};
		1794B4822CA0999E0082C26E /* PBXTargetDependency */ = {
			isa = PBXTargetDependency;
			target = 1794B4652CA099990082C26E /* TripManager */;
			targetProxy = 1794B4812CA0999E0082C26E /* PBXContainerItemProxy */;
		};
		1794B4AA2CA09D450082C26E /* PBXTargetDependency */ = {
			isa = PBXTargetDependency;
			productRef = 1794B4A92CA09D450082C26E /* RswiftGenerateInternalResources */;
		};
/* End PBXTargetDependency section */

/* Begin XCBuildConfiguration section */
		1794B4882CA0999E0082C26E /* Debug */ = {
			isa = XCBuildConfiguration;
			buildSettings = {
				ALWAYS_SEARCH_USER_PATHS = NO;
				ASSETCATALOG_COMPILER_GENERATE_SWIFT_ASSET_SYMBOL_EXTENSIONS = YES;
				CLANG_ANALYZER_NONNULL = YES;
				CLANG_ANALYZER_NUMBER_OBJECT_CONVERSION = YES_AGGRESSIVE;
				CLANG_CXX_LANGUAGE_STANDARD = "gnu++20";
				CLANG_ENABLE_MODULES = YES;
				CLANG_ENABLE_OBJC_ARC = YES;
				CLANG_ENABLE_OBJC_WEAK = YES;
				CLANG_WARN_BLOCK_CAPTURE_AUTORELEASING = YES;
				CLANG_WARN_BOOL_CONVERSION = YES;
				CLANG_WARN_COMMA = YES;
				CLANG_WARN_CONSTANT_CONVERSION = YES;
				CLANG_WARN_DEPRECATED_OBJC_IMPLEMENTATIONS = YES;
				CLANG_WARN_DIRECT_OBJC_ISA_USAGE = YES_ERROR;
				CLANG_WARN_DOCUMENTATION_COMMENTS = YES;
				CLANG_WARN_EMPTY_BODY = YES;
				CLANG_WARN_ENUM_CONVERSION = YES;
				CLANG_WARN_INFINITE_RECURSION = YES;
				CLANG_WARN_INT_CONVERSION = YES;
				CLANG_WARN_NON_LITERAL_NULL_CONVERSION = YES;
				CLANG_WARN_OBJC_IMPLICIT_RETAIN_SELF = YES;
				CLANG_WARN_OBJC_LITERAL_CONVERSION = YES;
				CLANG_WARN_OBJC_ROOT_CLASS = YES_ERROR;
				CLANG_WARN_QUOTED_INCLUDE_IN_FRAMEWORK_HEADER = YES;
				CLANG_WARN_RANGE_LOOP_ANALYSIS = YES;
				CLANG_WARN_STRICT_PROTOTYPES = YES;
				CLANG_WARN_SUSPICIOUS_MOVE = YES;
				CLANG_WARN_UNGUARDED_AVAILABILITY = YES_AGGRESSIVE;
				CLANG_WARN_UNREACHABLE_CODE = YES;
				CLANG_WARN__DUPLICATE_METHOD_MATCH = YES;
				COPY_PHASE_STRIP = NO;
				DEBUG_INFORMATION_FORMAT = dwarf;
				ENABLE_STRICT_OBJC_MSGSEND = YES;
				ENABLE_TESTABILITY = YES;
				ENABLE_USER_SCRIPT_SANDBOXING = YES;
				GCC_C_LANGUAGE_STANDARD = gnu17;
				GCC_DYNAMIC_NO_PIC = NO;
				GCC_NO_COMMON_BLOCKS = YES;
				GCC_OPTIMIZATION_LEVEL = 0;
				GCC_PREPROCESSOR_DEFINITIONS = (
					"DEBUG=1",
					"$(inherited)",
				);
				GCC_WARN_64_TO_32_BIT_CONVERSION = YES;
				GCC_WARN_ABOUT_RETURN_TYPE = YES_ERROR;
				GCC_WARN_UNDECLARED_SELECTOR = YES;
				GCC_WARN_UNINITIALIZED_AUTOS = YES_AGGRESSIVE;
				GCC_WARN_UNUSED_FUNCTION = YES;
				GCC_WARN_UNUSED_VARIABLE = YES;
				IPHONEOS_DEPLOYMENT_TARGET = 18.0;
				LOCALIZATION_PREFERS_STRING_CATALOGS = YES;
				MTL_ENABLE_DEBUG_INFO = INCLUDE_SOURCE;
				MTL_FAST_MATH = YES;
				ONLY_ACTIVE_ARCH = YES;
				SDKROOT = iphoneos;
				SWIFT_ACTIVE_COMPILATION_CONDITIONS = "DEBUG $(inherited)";
				SWIFT_EMIT_LOC_STRINGS = YES;
				SWIFT_OPTIMIZATION_LEVEL = "-Onone";
			};
			name = Debug;
		};
		1794B4892CA0999E0082C26E /* Release */ = {
			isa = XCBuildConfiguration;
			buildSettings = {
				ALWAYS_SEARCH_USER_PATHS = NO;
				ASSETCATALOG_COMPILER_GENERATE_SWIFT_ASSET_SYMBOL_EXTENSIONS = YES;
				CLANG_ANALYZER_NONNULL = YES;
				CLANG_ANALYZER_NUMBER_OBJECT_CONVERSION = YES_AGGRESSIVE;
				CLANG_CXX_LANGUAGE_STANDARD = "gnu++20";
				CLANG_ENABLE_MODULES = YES;
				CLANG_ENABLE_OBJC_ARC = YES;
				CLANG_ENABLE_OBJC_WEAK = YES;
				CLANG_WARN_BLOCK_CAPTURE_AUTORELEASING = YES;
				CLANG_WARN_BOOL_CONVERSION = YES;
				CLANG_WARN_COMMA = YES;
				CLANG_WARN_CONSTANT_CONVERSION = YES;
				CLANG_WARN_DEPRECATED_OBJC_IMPLEMENTATIONS = YES;
				CLANG_WARN_DIRECT_OBJC_ISA_USAGE = YES_ERROR;
				CLANG_WARN_DOCUMENTATION_COMMENTS = YES;
				CLANG_WARN_EMPTY_BODY = YES;
				CLANG_WARN_ENUM_CONVERSION = YES;
				CLANG_WARN_INFINITE_RECURSION = YES;
				CLANG_WARN_INT_CONVERSION = YES;
				CLANG_WARN_NON_LITERAL_NULL_CONVERSION = YES;
				CLANG_WARN_OBJC_IMPLICIT_RETAIN_SELF = YES;
				CLANG_WARN_OBJC_LITERAL_CONVERSION = YES;
				CLANG_WARN_OBJC_ROOT_CLASS = YES_ERROR;
				CLANG_WARN_QUOTED_INCLUDE_IN_FRAMEWORK_HEADER = YES;
				CLANG_WARN_RANGE_LOOP_ANALYSIS = YES;
				CLANG_WARN_STRICT_PROTOTYPES = YES;
				CLANG_WARN_SUSPICIOUS_MOVE = YES;
				CLANG_WARN_UNGUARDED_AVAILABILITY = YES_AGGRESSIVE;
				CLANG_WARN_UNREACHABLE_CODE = YES;
				CLANG_WARN__DUPLICATE_METHOD_MATCH = YES;
				COPY_PHASE_STRIP = NO;
				DEBUG_INFORMATION_FORMAT = "dwarf-with-dsym";
				ENABLE_NS_ASSERTIONS = NO;
				ENABLE_STRICT_OBJC_MSGSEND = YES;
				ENABLE_USER_SCRIPT_SANDBOXING = YES;
				GCC_C_LANGUAGE_STANDARD = gnu17;
				GCC_NO_COMMON_BLOCKS = YES;
				GCC_WARN_64_TO_32_BIT_CONVERSION = YES;
				GCC_WARN_ABOUT_RETURN_TYPE = YES_ERROR;
				GCC_WARN_UNDECLARED_SELECTOR = YES;
				GCC_WARN_UNINITIALIZED_AUTOS = YES_AGGRESSIVE;
				GCC_WARN_UNUSED_FUNCTION = YES;
				GCC_WARN_UNUSED_VARIABLE = YES;
				IPHONEOS_DEPLOYMENT_TARGET = 18.0;
				LOCALIZATION_PREFERS_STRING_CATALOGS = YES;
				MTL_ENABLE_DEBUG_INFO = NO;
				MTL_FAST_MATH = YES;
				SDKROOT = iphoneos;
				SWIFT_COMPILATION_MODE = wholemodule;
				SWIFT_EMIT_LOC_STRINGS = YES;
				VALIDATE_PRODUCT = YES;
			};
			name = Release;
		};
		1794B48B2CA0999E0082C26E /* Debug */ = {
			isa = XCBuildConfiguration;
			buildSettings = {
				ASSETCATALOG_COMPILER_APPICON_NAME = AppIcon;
				ASSETCATALOG_COMPILER_GLOBAL_ACCENT_COLOR_NAME = primaryBlue;
				CODE_SIGN_STYLE = Automatic;
				CURRENT_PROJECT_VERSION = 1;
				DEVELOPMENT_ASSET_PATHS = "\"TripManager/Preview Content\"";
				DEVELOPMENT_TEAM = MX4JW6983V;
				ENABLE_PREVIEWS = YES;
				ENABLE_USER_SCRIPT_SANDBOXING = NO;
				GENERATE_INFOPLIST_FILE = YES;
				INFOPLIST_FILE = TripManager/Info.plist;
				INFOPLIST_KEY_LSApplicationCategoryType = "public.app-category.travel";
				INFOPLIST_KEY_UIApplicationSceneManifest_Generation = YES;
				INFOPLIST_KEY_UIApplicationSupportsIndirectInputEvents = YES;
				INFOPLIST_KEY_UILaunchScreen_Generation = YES;
				INFOPLIST_KEY_UISupportedInterfaceOrientations = UIInterfaceOrientationPortrait;
				INFOPLIST_KEY_UIUserInterfaceStyle = Light;
				IPHONEOS_DEPLOYMENT_TARGET = 17.6;
				LD_RUNPATH_SEARCH_PATHS = (
					"$(inherited)",
					"@executable_path/Frameworks",
				);
				MARKETING_VERSION = 1.0;
				PRODUCT_BUNDLE_IDENTIFIER = com.tomAppMaker.TripManager;
				PRODUCT_NAME = "$(TARGET_NAME)";
				SUPPORTED_PLATFORMS = "iphoneos iphonesimulator";
				SUPPORTS_MACCATALYST = NO;
				SUPPORTS_MAC_DESIGNED_FOR_IPHONE_IPAD = NO;
				SUPPORTS_XR_DESIGNED_FOR_IPHONE_IPAD = NO;
				SWIFT_EMIT_LOC_STRINGS = YES;
				SWIFT_VERSION = 5.0;
				TARGETED_DEVICE_FAMILY = "1,2";
			};
			name = Debug;
		};
		1794B48C2CA0999E0082C26E /* Release */ = {
			isa = XCBuildConfiguration;
			buildSettings = {
				ASSETCATALOG_COMPILER_APPICON_NAME = AppIcon;
				ASSETCATALOG_COMPILER_GLOBAL_ACCENT_COLOR_NAME = primaryBlue;
				CODE_SIGN_STYLE = Automatic;
				CURRENT_PROJECT_VERSION = 1;
				DEVELOPMENT_ASSET_PATHS = "\"TripManager/Preview Content\"";
				DEVELOPMENT_TEAM = MX4JW6983V;
				ENABLE_PREVIEWS = YES;
				ENABLE_USER_SCRIPT_SANDBOXING = NO;
				GENERATE_INFOPLIST_FILE = YES;
				INFOPLIST_FILE = TripManager/Info.plist;
				INFOPLIST_KEY_LSApplicationCategoryType = "public.app-category.travel";
				INFOPLIST_KEY_UIApplicationSceneManifest_Generation = YES;
				INFOPLIST_KEY_UIApplicationSupportsIndirectInputEvents = YES;
				INFOPLIST_KEY_UILaunchScreen_Generation = YES;
				INFOPLIST_KEY_UISupportedInterfaceOrientations = UIInterfaceOrientationPortrait;
				INFOPLIST_KEY_UIUserInterfaceStyle = Light;
				IPHONEOS_DEPLOYMENT_TARGET = 17.6;
				LD_RUNPATH_SEARCH_PATHS = (
					"$(inherited)",
					"@executable_path/Frameworks",
				);
				MARKETING_VERSION = 1.0;
				PRODUCT_BUNDLE_IDENTIFIER = com.tomAppMaker.TripManager;
				PRODUCT_NAME = "$(TARGET_NAME)";
				SUPPORTED_PLATFORMS = "iphoneos iphonesimulator";
				SUPPORTS_MACCATALYST = NO;
				SUPPORTS_MAC_DESIGNED_FOR_IPHONE_IPAD = NO;
				SUPPORTS_XR_DESIGNED_FOR_IPHONE_IPAD = NO;
				SWIFT_EMIT_LOC_STRINGS = YES;
				SWIFT_VERSION = 5.0;
				TARGETED_DEVICE_FAMILY = "1,2";
			};
			name = Release;
		};
		1794B48E2CA0999E0082C26E /* Debug */ = {
			isa = XCBuildConfiguration;
			buildSettings = {
				BUNDLE_LOADER = "$(TEST_HOST)";
				CODE_SIGN_STYLE = Automatic;
				CURRENT_PROJECT_VERSION = 1;
				DEVELOPMENT_TEAM = MX4JW6983V;
				GENERATE_INFOPLIST_FILE = YES;
				IPHONEOS_DEPLOYMENT_TARGET = 18.0;
				MARKETING_VERSION = 1.0;
				PRODUCT_BUNDLE_IDENTIFIER = com.tomAppMaker.TripManagerTests;
				PRODUCT_NAME = "$(TARGET_NAME)";
				SWIFT_EMIT_LOC_STRINGS = NO;
				SWIFT_VERSION = 5.0;
				TARGETED_DEVICE_FAMILY = "1,2";
				TEST_HOST = "$(BUILT_PRODUCTS_DIR)/TripManager.app/$(BUNDLE_EXECUTABLE_FOLDER_PATH)/TripManager";
			};
			name = Debug;
		};
		1794B48F2CA0999E0082C26E /* Release */ = {
			isa = XCBuildConfiguration;
			buildSettings = {
				BUNDLE_LOADER = "$(TEST_HOST)";
				CODE_SIGN_STYLE = Automatic;
				CURRENT_PROJECT_VERSION = 1;
				DEVELOPMENT_TEAM = MX4JW6983V;
				GENERATE_INFOPLIST_FILE = YES;
				IPHONEOS_DEPLOYMENT_TARGET = 18.0;
				MARKETING_VERSION = 1.0;
				PRODUCT_BUNDLE_IDENTIFIER = com.tomAppMaker.TripManagerTests;
				PRODUCT_NAME = "$(TARGET_NAME)";
				SWIFT_EMIT_LOC_STRINGS = NO;
				SWIFT_VERSION = 5.0;
				TARGETED_DEVICE_FAMILY = "1,2";
				TEST_HOST = "$(BUILT_PRODUCTS_DIR)/TripManager.app/$(BUNDLE_EXECUTABLE_FOLDER_PATH)/TripManager";
			};
			name = Release;
		};
		1794B4912CA0999E0082C26E /* Debug */ = {
			isa = XCBuildConfiguration;
			buildSettings = {
				CODE_SIGN_STYLE = Automatic;
				CURRENT_PROJECT_VERSION = 1;
				DEVELOPMENT_TEAM = MX4JW6983V;
				GENERATE_INFOPLIST_FILE = YES;
				MARKETING_VERSION = 1.0;
				PRODUCT_BUNDLE_IDENTIFIER = com.tomAppMaker.TripManagerUITests;
				PRODUCT_NAME = "$(TARGET_NAME)";
				SWIFT_EMIT_LOC_STRINGS = NO;
				SWIFT_VERSION = 5.0;
				TARGETED_DEVICE_FAMILY = "1,2";
				TEST_TARGET_NAME = TripManager;
			};
			name = Debug;
		};
		1794B4922CA0999E0082C26E /* Release */ = {
			isa = XCBuildConfiguration;
			buildSettings = {
				CODE_SIGN_STYLE = Automatic;
				CURRENT_PROJECT_VERSION = 1;
				DEVELOPMENT_TEAM = MX4JW6983V;
				GENERATE_INFOPLIST_FILE = YES;
				MARKETING_VERSION = 1.0;
				PRODUCT_BUNDLE_IDENTIFIER = com.tomAppMaker.TripManagerUITests;
				PRODUCT_NAME = "$(TARGET_NAME)";
				SWIFT_EMIT_LOC_STRINGS = NO;
				SWIFT_VERSION = 5.0;
				TARGETED_DEVICE_FAMILY = "1,2";
				TEST_TARGET_NAME = TripManager;
			};
			name = Release;
		};
/* End XCBuildConfiguration section */

/* Begin XCConfigurationList section */
		1794B4612CA099990082C26E /* Build configuration list for PBXProject "TripManager" */ = {
			isa = XCConfigurationList;
			buildConfigurations = (
				1794B4882CA0999E0082C26E /* Debug */,
				1794B4892CA0999E0082C26E /* Release */,
			);
			defaultConfigurationIsVisible = 0;
			defaultConfigurationName = Release;
		};
		1794B48A2CA0999E0082C26E /* Build configuration list for PBXNativeTarget "TripManager" */ = {
			isa = XCConfigurationList;
			buildConfigurations = (
				1794B48B2CA0999E0082C26E /* Debug */,
				1794B48C2CA0999E0082C26E /* Release */,
			);
			defaultConfigurationIsVisible = 0;
			defaultConfigurationName = Release;
		};
		1794B48D2CA0999E0082C26E /* Build configuration list for PBXNativeTarget "TripManagerTests" */ = {
			isa = XCConfigurationList;
			buildConfigurations = (
				1794B48E2CA0999E0082C26E /* Debug */,
				1794B48F2CA0999E0082C26E /* Release */,
			);
			defaultConfigurationIsVisible = 0;
			defaultConfigurationName = Release;
		};
		1794B4902CA0999E0082C26E /* Build configuration list for PBXNativeTarget "TripManagerUITests" */ = {
			isa = XCConfigurationList;
			buildConfigurations = (
				1794B4912CA0999E0082C26E /* Debug */,
				1794B4922CA0999E0082C26E /* Release */,
			);
			defaultConfigurationIsVisible = 0;
			defaultConfigurationName = Release;
		};
/* End XCConfigurationList section */

/* Begin XCRemoteSwiftPackageReference section */
		1794B4A62CA09D150082C26E /* XCRemoteSwiftPackageReference "R" */ = {
			isa = XCRemoteSwiftPackageReference;
			repositoryURL = "https://github.com/mac-cain13/R.swift";
			requirement = {
				kind = upToNextMajorVersion;
				minimumVersion = 7.6.0;
			};
		};
/* End XCRemoteSwiftPackageReference section */

/* Begin XCSwiftPackageProductDependency section */
		1794B4A72CA09D150082C26E /* RswiftLibrary */ = {
			isa = XCSwiftPackageProductDependency;
			package = 1794B4A62CA09D150082C26E /* XCRemoteSwiftPackageReference "R" */;
			productName = RswiftLibrary;
		};
		1794B4A92CA09D450082C26E /* RswiftGenerateInternalResources */ = {
			isa = XCSwiftPackageProductDependency;
			package = 1794B4A62CA09D150082C26E /* XCRemoteSwiftPackageReference "R" */;
			productName = "plugin:RswiftGenerateInternalResources";
		};
/* End XCSwiftPackageProductDependency section */
	};
	rootObject = 1794B45E2CA099990082C26E /* Project object */;
}
