{
  "originHash" : "3f797a71b87fce69536b62c831f85bae56f7b008e9c31f46397ea1435366b56c",
  "pins" : [
    {
      "identity" : "r.swift",
      "kind" : "remoteSourceControl",
      "location" : "https://github.com/mac-cain13/R.swift",
      "state" : {
        "revision" : "44f60ad03ceef284489f9083eef72ce88802a020",
        "version" : "7.6.0"
      }
    },
    {
      "identity" : "swift-argument-parser",
      "kind" : "remoteSourceControl",
      "location" : "https://github.com/apple/swift-argument-parser",
      "state" : {
        "revision" : "41982a3656a71c768319979febd796c6fd111d5c",
        "version" : "1.5.0"
      }
    },
    {
      "identity" : "xcodeedit",
      "kind" : "remoteSourceControl",
      "location" : "https://github.com/tomlokhorst/XcodeEdit",
      "state" : {
        "revision" : "49734e514af8e917f5aa2112ce59a0eea542580c",
        "version" : "2.10.1"
      }
    }
  ],
  "version" : 3
}
